
Microsoft Visual Studio Solution File, Format Version 12.00
# Visual Studio Version 17
VisualStudioVersion = 17.3.32929.385
MinimumVisualStudioVersion = 10.0.40219.1
Project("{FAE04EC0-301F-11D3-BF4B-00C04F79EFBC}") = "MatrixBank1", "MatrixBank1\MatrixBank1.csproj", "{27A852E2-F94E-4940-814E-24BEF8F5CB70}"
EndProject
Global
	GlobalSection(SolutionConfigurationPlatforms) = preSolution
		Debug|Any CPU = Debug|Any CPU
		Release|Any CPU = Release|Any CPU
	EndGlobalSection
	GlobalSection(ProjectConfigurationPlatforms) = postSolution
		{27A852E2-F94E-4940-814E-24BEF8F5CB70}.Debug|Any CPU.ActiveCfg = Debug|Any CPU
		{27A852E2-F94E-4940-814E-24BEF8F5CB70}.Debug|Any CPU.Build.0 = Debug|Any CPU
		{27A852E2-F94E-4940-814E-24BEF8F5CB70}.Release|Any CPU.ActiveCfg = Release|Any CPU
		{27A852E2-F94E-4940-814E-24BEF8F5CB70}.Release|Any CPU.Build.0 = Release|Any CPU
	EndGlobalSection
	GlobalSection(SolutionProperties) = preSolution
		HideSolutionNode = FALSE
	EndGlobalSection
	GlobalSection(ExtensibilityGlobals) = postSolution
		SolutionGuid = {FFF65E86-C181-4A3C-8275-85A3E7D763B2}
	EndGlobalSection
EndGlobal
